
Microsoft Visual Studio Solution File, Format Version 12.00
# Visual Studio Version 16
VisualStudioVersion = 16.0.30523.141
MinimumVisualStudioVersion = 10.0.40219.1
Project("{FAE04EC0-301F-11D3-BF4B-00C04F79EFBC}") = "FIlesSection", "FIlesSection\FIlesSection.csproj", "{FD5C81EF-D84D-4572-B05F-E4DD8B23E9D2}"
EndProject
Global
	GlobalSection(SolutionConfigurationPlatforms) = preSolution
		Debug|Any CPU = Debug|Any CPU
		Release|Any CPU = Release|Any CPU
	EndGlobalSection
	GlobalSection(ProjectConfigurationPlatforms) = postSolution
		{FD5C81EF-D84D-4572-B05F-E4DD8B23E9D2}.Debug|Any CPU.ActiveCfg = Debug|Any CPU
		{FD5C81EF-D84D-4572-B05F-E4DD8B23E9D2}.Debug|Any CPU.Build.0 = Debug|Any CPU
		{FD5C81EF-D84D-4572-B05F-E4DD8B23E9D2}.Release|Any CPU.ActiveCfg = Release|Any CPU
		{FD5C81EF-D84D-4572-B05F-E4DD8B23E9D2}.Release|Any CPU.Build.0 = Release|Any CPU
	EndGlobalSection
	GlobalSection(SolutionProperties) = preSolution
		HideSolutionNode = FALSE
	EndGlobalSection
	GlobalSection(ExtensibilityGlobals) = postSolution
		SolutionGuid = {0A0CD2D3-358B-4DF4-BB87-8B161A75CC57}
	EndGlobalSection
EndGlobal
