
Microsoft Visual Studio Solution File, Format Version 12.00
# Visual Studio Version 16
VisualStudioVersion = 16.0.30523.141
MinimumVisualStudioVersion = 10.0.40219.1
Project("{9A19103F-16F7-4668-BE54-9A1E7A4F7556}") = "ExceptionsTryCatchFinally", "Exceptions\ExceptionsTryCatchFinally.csproj", "{513F0E38-71CA-45A7-A348-E69BEDC3D48B}"
EndProject
Project("{9A19103F-16F7-4668-BE54-9A1E7A4F7556}") = "CustomException", "CustomException\CustomException.csproj", "{9CB302B9-E8B8-4853-BC80-6643FC843F25}"
EndProject
Project("{FAE04EC0-301F-11D3-BF4B-00C04F79EFBC}") = "FixationExercise", "FixationExercise\FixationExercise.csproj", "{D0853BE8-720B-4E4D-82E2-3BDC642135B9}"
EndProject
Global
	GlobalSection(SolutionConfigurationPlatforms) = preSolution
		Debug|Any CPU = Debug|Any CPU
		Release|Any CPU = Release|Any CPU
	EndGlobalSection
	GlobalSection(ProjectConfigurationPlatforms) = postSolution
		{513F0E38-71CA-45A7-A348-E69BEDC3D48B}.Debug|Any CPU.ActiveCfg = Debug|Any CPU
		{513F0E38-71CA-45A7-A348-E69BEDC3D48B}.Debug|Any CPU.Build.0 = Debug|Any CPU
		{513F0E38-71CA-45A7-A348-E69BEDC3D48B}.Release|Any CPU.ActiveCfg = Release|Any CPU
		{513F0E38-71CA-45A7-A348-E69BEDC3D48B}.Release|Any CPU.Build.0 = Release|Any CPU
		{9CB302B9-E8B8-4853-BC80-6643FC843F25}.Debug|Any CPU.ActiveCfg = Debug|Any CPU
		{9CB302B9-E8B8-4853-BC80-6643FC843F25}.Debug|Any CPU.Build.0 = Debug|Any CPU
		{9CB302B9-E8B8-4853-BC80-6643FC843F25}.Release|Any CPU.ActiveCfg = Release|Any CPU
		{9CB302B9-E8B8-4853-BC80-6643FC843F25}.Release|Any CPU.Build.0 = Release|Any CPU
		{D0853BE8-720B-4E4D-82E2-3BDC642135B9}.Debug|Any CPU.ActiveCfg = Debug|Any CPU
		{D0853BE8-720B-4E4D-82E2-3BDC642135B9}.Debug|Any CPU.Build.0 = Debug|Any CPU
		{D0853BE8-720B-4E4D-82E2-3BDC642135B9}.Release|Any CPU.ActiveCfg = Release|Any CPU
		{D0853BE8-720B-4E4D-82E2-3BDC642135B9}.Release|Any CPU.Build.0 = Release|Any CPU
	EndGlobalSection
	GlobalSection(SolutionProperties) = preSolution
		HideSolutionNode = FALSE
	EndGlobalSection
	GlobalSection(ExtensibilityGlobals) = postSolution
		SolutionGuid = {93D1CBF7-4D55-4B2C-B773-3C67BFD5DF29}
	EndGlobalSection
EndGlobal
