
Microsoft Visual Studio Solution File, Format Version 12.00
# Visual Studio Version 16
VisualStudioVersion = 16.0.30717.126
MinimumVisualStudioVersion = 10.0.40219.1
Project("{FAE04EC0-301F-11D3-BF4B-00C04F79EFBC}") = "Section17IntroductingLINQ", "Section17IntroductingLINQ\Section17IntroductingLINQ.csproj", "{59AF233D-8C46-4896-959C-ABA7B369D20C}"
EndProject
Global
	GlobalSection(SolutionConfigurationPlatforms) = preSolution
		Debug|Any CPU = Debug|Any CPU
		Release|Any CPU = Release|Any CPU
	EndGlobalSection
	GlobalSection(ProjectConfigurationPlatforms) = postSolution
		{59AF233D-8C46-4896-959C-ABA7B369D20C}.Debug|Any CPU.ActiveCfg = Debug|Any CPU
		{59AF233D-8C46-4896-959C-ABA7B369D20C}.Debug|Any CPU.Build.0 = Debug|Any CPU
		{59AF233D-8C46-4896-959C-ABA7B369D20C}.Release|Any CPU.ActiveCfg = Release|Any CPU
		{59AF233D-8C46-4896-959C-ABA7B369D20C}.Release|Any CPU.Build.0 = Release|Any CPU
	EndGlobalSection
	GlobalSection(SolutionProperties) = preSolution
		HideSolutionNode = FALSE
	EndGlobalSection
	GlobalSection(ExtensibilityGlobals) = postSolution
		SolutionGuid = {9D3636C4-1277-4D00-A036-6199A20FCBA0}
	EndGlobalSection
EndGlobal
