
Microsoft Visual Studio Solution File, Format Version 12.00
# Visual Studio Version 16
VisualStudioVersion = 16.0.30717.126
MinimumVisualStudioVersion = 10.0.40219.1
Project("{FAE04EC0-301F-11D3-BF4B-00C04F79EFBC}") = "Section17Predicate", "Section17Predicate\Section17Predicate.csproj", "{1A8C7457-8B84-4726-82FF-FEE7F1D47DC6}"
EndProject
Global
	GlobalSection(SolutionConfigurationPlatforms) = preSolution
		Debug|Any CPU = Debug|Any CPU
		Release|Any CPU = Release|Any CPU
	EndGlobalSection
	GlobalSection(ProjectConfigurationPlatforms) = postSolution
		{1A8C7457-8B84-4726-82FF-FEE7F1D47DC6}.Debug|Any CPU.ActiveCfg = Debug|Any CPU
		{1A8C7457-8B84-4726-82FF-FEE7F1D47DC6}.Debug|Any CPU.Build.0 = Debug|Any CPU
		{1A8C7457-8B84-4726-82FF-FEE7F1D47DC6}.Release|Any CPU.ActiveCfg = Release|Any CPU
		{1A8C7457-8B84-4726-82FF-FEE7F1D47DC6}.Release|Any CPU.Build.0 = Release|Any CPU
	EndGlobalSection
	GlobalSection(SolutionProperties) = preSolution
		HideSolutionNode = FALSE
	EndGlobalSection
	GlobalSection(ExtensibilityGlobals) = postSolution
		SolutionGuid = {9FE9537F-78EE-46BF-9B88-41BA8EC23185}
	EndGlobalSection
EndGlobal
