
Microsoft Visual Studio Solution File, Format Version 12.00
# Visual Studio Version 16
VisualStudioVersion = 16.0.30717.126
MinimumVisualStudioVersion = 10.0.40219.1
Project("{FAE04EC0-301F-11D3-BF4B-00C04F79EFBC}") = "Section15DictionarySortedDictionary", "Section15DictionarySortedDictionary\Section15DictionarySortedDictionary.csproj", "{A97009C2-1370-4319-9276-A3C620321E8D}"
EndProject
Global
	GlobalSection(SolutionConfigurationPlatforms) = preSolution
		Debug|Any CPU = Debug|Any CPU
		Release|Any CPU = Release|Any CPU
	EndGlobalSection
	GlobalSection(ProjectConfigurationPlatforms) = postSolution
		{A97009C2-1370-4319-9276-A3C620321E8D}.Debug|Any CPU.ActiveCfg = Debug|Any CPU
		{A97009C2-1370-4319-9276-A3C620321E8D}.Debug|Any CPU.Build.0 = Debug|Any CPU
		{A97009C2-1370-4319-9276-A3C620321E8D}.Release|Any CPU.ActiveCfg = Release|Any CPU
		{A97009C2-1370-4319-9276-A3C620321E8D}.Release|Any CPU.Build.0 = Release|Any CPU
	EndGlobalSection
	GlobalSection(SolutionProperties) = preSolution
		HideSolutionNode = FALSE
	EndGlobalSection
	GlobalSection(ExtensibilityGlobals) = postSolution
		SolutionGuid = {F591D5D6-F672-47CC-AF78-A57FF3C96F80}
	EndGlobalSection
EndGlobal
