
Microsoft Visual Studio Solution File, Format Version 12.00
# Visual Studio Version 16
VisualStudioVersion = 16.0.30717.126
MinimumVisualStudioVersion = 10.0.40219.1
Project("{FAE04EC0-301F-11D3-BF4B-00C04F79EFBC}") = "Section15Generics", "Section15Generics\Section15Generics.csproj", "{98C104B1-C661-4B8A-B8F8-655DEA619B63}"
EndProject
Project("{FAE04EC0-301F-11D3-BF4B-00C04F79EFBC}") = "Section15GenericsRestriction", "Section15GenericsRestriction\Section15GenericsRestriction.csproj", "{020D2CDB-55E7-4AEA-A4F7-380954ACC37C}"
EndProject
Global
	GlobalSection(SolutionConfigurationPlatforms) = preSolution
		Debug|Any CPU = Debug|Any CPU
		Release|Any CPU = Release|Any CPU
	EndGlobalSection
	GlobalSection(ProjectConfigurationPlatforms) = postSolution
		{98C104B1-C661-4B8A-B8F8-655DEA619B63}.Debug|Any CPU.ActiveCfg = Debug|Any CPU
		{98C104B1-C661-4B8A-B8F8-655DEA619B63}.Debug|Any CPU.Build.0 = Debug|Any CPU
		{98C104B1-C661-4B8A-B8F8-655DEA619B63}.Release|Any CPU.ActiveCfg = Release|Any CPU
		{98C104B1-C661-4B8A-B8F8-655DEA619B63}.Release|Any CPU.Build.0 = Release|Any CPU
		{020D2CDB-55E7-4AEA-A4F7-380954ACC37C}.Debug|Any CPU.ActiveCfg = Debug|Any CPU
		{020D2CDB-55E7-4AEA-A4F7-380954ACC37C}.Debug|Any CPU.Build.0 = Debug|Any CPU
		{020D2CDB-55E7-4AEA-A4F7-380954ACC37C}.Release|Any CPU.ActiveCfg = Release|Any CPU
		{020D2CDB-55E7-4AEA-A4F7-380954ACC37C}.Release|Any CPU.Build.0 = Release|Any CPU
	EndGlobalSection
	GlobalSection(SolutionProperties) = preSolution
		HideSolutionNode = FALSE
	EndGlobalSection
	GlobalSection(ExtensibilityGlobals) = postSolution
		SolutionGuid = {7F7D6211-3FB8-4CA5-9B50-361801E5489D}
	EndGlobalSection
EndGlobal
