
Microsoft Visual Studio Solution File, Format Version 12.00
# Visual Studio Version 16
VisualStudioVersion = 16.0.30717.126
MinimumVisualStudioVersion = 10.0.40219.1
Project("{FAE04EC0-301F-11D3-BF4B-00C04F79EFBC}") = "Section17Comparison", "Section17Comparison\Section17Comparison.csproj", "{BEDE3E23-AFFF-401E-8DCE-A9748068728E}"
EndProject
Global
	GlobalSection(SolutionConfigurationPlatforms) = preSolution
		Debug|Any CPU = Debug|Any CPU
		Release|Any CPU = Release|Any CPU
	EndGlobalSection
	GlobalSection(ProjectConfigurationPlatforms) = postSolution
		{BEDE3E23-AFFF-401E-8DCE-A9748068728E}.Debug|Any CPU.ActiveCfg = Debug|Any CPU
		{BEDE3E23-AFFF-401E-8DCE-A9748068728E}.Debug|Any CPU.Build.0 = Debug|Any CPU
		{BEDE3E23-AFFF-401E-8DCE-A9748068728E}.Release|Any CPU.ActiveCfg = Release|Any CPU
		{BEDE3E23-AFFF-401E-8DCE-A9748068728E}.Release|Any CPU.Build.0 = Release|Any CPU
	EndGlobalSection
	GlobalSection(SolutionProperties) = preSolution
		HideSolutionNode = FALSE
	EndGlobalSection
	GlobalSection(ExtensibilityGlobals) = postSolution
		SolutionGuid = {D7CEF9B3-8A29-4BBC-A491-06F00DE6E6D6}
	EndGlobalSection
EndGlobal
