
Microsoft Visual Studio Solution File, Format Version 12.00
# Visual Studio Version 16
VisualStudioVersion = 16.0.30523.141
MinimumVisualStudioVersion = 10.0.40219.1
Project("{FAE04EC0-301F-11D3-BF4B-00C04F79EFBC}") = "S14Interfaces", "S14Interfaces\S14Interfaces.csproj", "{418E94D4-DDA6-4E54-82EF-90F5E95CCE78}"
EndProject
Global
	GlobalSection(SolutionConfigurationPlatforms) = preSolution
		Debug|Any CPU = Debug|Any CPU
		Release|Any CPU = Release|Any CPU
	EndGlobalSection
	GlobalSection(ProjectConfigurationPlatforms) = postSolution
		{418E94D4-DDA6-4E54-82EF-90F5E95CCE78}.Debug|Any CPU.ActiveCfg = Debug|Any CPU
		{418E94D4-DDA6-4E54-82EF-90F5E95CCE78}.Debug|Any CPU.Build.0 = Debug|Any CPU
		{418E94D4-DDA6-4E54-82EF-90F5E95CCE78}.Release|Any CPU.ActiveCfg = Release|Any CPU
		{418E94D4-DDA6-4E54-82EF-90F5E95CCE78}.Release|Any CPU.Build.0 = Release|Any CPU
	EndGlobalSection
	GlobalSection(SolutionProperties) = preSolution
		HideSolutionNode = FALSE
	EndGlobalSection
	GlobalSection(ExtensibilityGlobals) = postSolution
		SolutionGuid = {AA7384AF-C80F-4345-B897-1E20C8199735}
	EndGlobalSection
EndGlobal
