
Microsoft Visual Studio Solution File, Format Version 12.00
# Visual Studio Version 16
VisualStudioVersion = 16.0.30523.141
MinimumVisualStudioVersion = 10.0.40219.1
Project("{FAE04EC0-301F-11D3-BF4B-00C04F79EFBC}") = "Inheritance", "Inheritance\Inheritance.csproj", "{B0D845A3-5B53-4CDA-92CC-B969CE6AFBA0}"
EndProject
Project("{FAE04EC0-301F-11D3-BF4B-00C04F79EFBC}") = "UpcastingDowncasting", "UpcastingDowncasting\UpcastingDowncasting.csproj", "{0E2A8290-7871-4ACB-9756-9452897C55B2}"
EndProject
Global
	GlobalSection(SolutionConfigurationPlatforms) = preSolution
		Debug|Any CPU = Debug|Any CPU
		Release|Any CPU = Release|Any CPU
	EndGlobalSection
	GlobalSection(ProjectConfigurationPlatforms) = postSolution
		{B0D845A3-5B53-4CDA-92CC-B969CE6AFBA0}.Debug|Any CPU.ActiveCfg = Debug|Any CPU
		{B0D845A3-5B53-4CDA-92CC-B969CE6AFBA0}.Debug|Any CPU.Build.0 = Debug|Any CPU
		{B0D845A3-5B53-4CDA-92CC-B969CE6AFBA0}.Release|Any CPU.ActiveCfg = Release|Any CPU
		{B0D845A3-5B53-4CDA-92CC-B969CE6AFBA0}.Release|Any CPU.Build.0 = Release|Any CPU
		{0E2A8290-7871-4ACB-9756-9452897C55B2}.Debug|Any CPU.ActiveCfg = Debug|Any CPU
		{0E2A8290-7871-4ACB-9756-9452897C55B2}.Debug|Any CPU.Build.0 = Debug|Any CPU
		{0E2A8290-7871-4ACB-9756-9452897C55B2}.Release|Any CPU.ActiveCfg = Release|Any CPU
		{0E2A8290-7871-4ACB-9756-9452897C55B2}.Release|Any CPU.Build.0 = Release|Any CPU
	EndGlobalSection
	GlobalSection(SolutionProperties) = preSolution
		HideSolutionNode = FALSE
	EndGlobalSection
	GlobalSection(ExtensibilityGlobals) = postSolution
		SolutionGuid = {EC82760F-585B-45B3-9DDF-89EB43786F2C}
	EndGlobalSection
EndGlobal
