
Microsoft Visual Studio Solution File, Format Version 12.00
# Visual Studio Version 16
VisualStudioVersion = 16.0.30717.126
MinimumVisualStudioVersion = 10.0.40219.1
Project("{FAE04EC0-301F-11D3-BF4B-00C04F79EFBC}") = "Section15SolvedExercises", "Section15SolvedExercises\Section15SolvedExercises.csproj", "{D9A58C73-9CC1-462D-8E56-1C9354D12AF0}"
EndProject
Global
	GlobalSection(SolutionConfigurationPlatforms) = preSolution
		Debug|Any CPU = Debug|Any CPU
		Release|Any CPU = Release|Any CPU
	EndGlobalSection
	GlobalSection(ProjectConfigurationPlatforms) = postSolution
		{D9A58C73-9CC1-462D-8E56-1C9354D12AF0}.Debug|Any CPU.ActiveCfg = Debug|Any CPU
		{D9A58C73-9CC1-462D-8E56-1C9354D12AF0}.Debug|Any CPU.Build.0 = Debug|Any CPU
		{D9A58C73-9CC1-462D-8E56-1C9354D12AF0}.Release|Any CPU.ActiveCfg = Release|Any CPU
		{D9A58C73-9CC1-462D-8E56-1C9354D12AF0}.Release|Any CPU.Build.0 = Release|Any CPU
	EndGlobalSection
	GlobalSection(SolutionProperties) = preSolution
		HideSolutionNode = FALSE
	EndGlobalSection
	GlobalSection(ExtensibilityGlobals) = postSolution
		SolutionGuid = {F4A8FD10-80E3-4D9B-9CC4-D9806873B3BB}
	EndGlobalSection
EndGlobal
